{
  "name": "my-admin",
  "version": "0.0.0",
  "lockfileVersion": 1,
  "requires": true,
  "dependencies": {
    "axios": {
      "version": "0.22.0",
      "resolved": "https://registry.npmmirror.com/axios/download/axios-0.22.0.tgz?cache=0&sync_timestamp=1633067783421&other_urls=https%3A%2F%2Fregistry.npmmirror.com%2Faxios%2Fdownload%2Faxios-0.22.0.tgz",
      "integrity": "sha1-v3AsQftQ+8pFOVidg5oHcRe3myU=",
      "requires": {
        "follow-redirects": "1.14.4"
      }
    },
    "follow-redirects": {
      "version": "1.14.4",
      "resolved": "https://registry.nlark.com/follow-redirects/download/follow-redirects-1.14.4.tgz?cache=0&sync_timestamp=1631622129411&other_urls=https%3A%2F%2Fregistry.nlark.com%2Ffollow-redirects%2Fdownload%2Ffollow-redirects-1.14.4.tgz",
      "integrity": "sha1-g4/fSKi73XnlLuUfsclOPtmLk3k="
    },
    "vue-axios": {
      "version": "3.3.7",
      "resolved": "https://registry.nlark.com/vue-axios/download/vue-axios-3.3.7.tgz?cache=0&sync_timestamp=1631865812266&other_urls=https%3A%2F%2Fregistry.nlark.com%2Fvue-axios%2Fdownload%2Fvue-axios-3.3.7.tgz",
      "integrity": "sha1-GVi2+3EutAEash20M7I1DiptaE8="
    }
  }
}
